
Microsoft Visual Studio Solution File, Format Version 12.00
# Visual Studio 14
VisualStudioVersion = 14.0.24720.0
MinimumVisualStudioVersion = 10.0.40219.1
Project("{FAE04EC0-301F-11D3-BF4B-00C04F79EFBC}") = "CollectionChecker25", "CollectionChecker25\CollectionChecker25.csproj", "{6FF59306-4BF6-493F-A575-17B22F308923}"
EndProject
Project("{FAE04EC0-301F-11D3-BF4B-00C04F79EFBC}") = "CollectionChecker30", "CollectionChecker30\CollectionChecker30.csproj", "{576C7456-5EAD-4C71-B1CF-947F34BBC0D8}"
EndProject
Project("{FAE04EC0-301F-11D3-BF4B-00C04F79EFBC}") = "NameHelpers", "NameHelpers\NameHelpers.csproj", "{6C70054C-0AE2-4735-80E2-64A44C44436E}"
EndProject
Project("{FAE04EC0-301F-11D3-BF4B-00C04F79EFBC}") = "NameHelpers.Tests", "NameHelpers.Tests\NameHelpers.Tests.csproj", "{C2650775-C818-4AC9-B631-8F4A20DACF06}"
EndProject
Global
	GlobalSection(SolutionConfigurationPlatforms) = preSolution
		Debug|Any CPU = Debug|Any CPU
		Release|Any CPU = Release|Any CPU
	EndGlobalSection
	GlobalSection(ProjectConfigurationPlatforms) = postSolution
		{6FF59306-4BF6-493F-A575-17B22F308923}.Debug|Any CPU.ActiveCfg = Debug|Any CPU
		{6FF59306-4BF6-493F-A575-17B22F308923}.Debug|Any CPU.Build.0 = Debug|Any CPU
		{6FF59306-4BF6-493F-A575-17B22F308923}.Release|Any CPU.ActiveCfg = Release|Any CPU
		{6FF59306-4BF6-493F-A575-17B22F308923}.Release|Any CPU.Build.0 = Release|Any CPU
		{576C7456-5EAD-4C71-B1CF-947F34BBC0D8}.Debug|Any CPU.ActiveCfg = Debug|Any CPU
		{576C7456-5EAD-4C71-B1CF-947F34BBC0D8}.Debug|Any CPU.Build.0 = Debug|Any CPU
		{576C7456-5EAD-4C71-B1CF-947F34BBC0D8}.Release|Any CPU.ActiveCfg = Release|Any CPU
		{576C7456-5EAD-4C71-B1CF-947F34BBC0D8}.Release|Any CPU.Build.0 = Release|Any CPU
		{6C70054C-0AE2-4735-80E2-64A44C44436E}.Debug|Any CPU.ActiveCfg = Debug|Any CPU
		{6C70054C-0AE2-4735-80E2-64A44C44436E}.Debug|Any CPU.Build.0 = Debug|Any CPU
		{6C70054C-0AE2-4735-80E2-64A44C44436E}.Release|Any CPU.ActiveCfg = Release|Any CPU
		{6C70054C-0AE2-4735-80E2-64A44C44436E}.Release|Any CPU.Build.0 = Release|Any CPU
		{C2650775-C818-4AC9-B631-8F4A20DACF06}.Debug|Any CPU.ActiveCfg = Debug|Any CPU
		{C2650775-C818-4AC9-B631-8F4A20DACF06}.Debug|Any CPU.Build.0 = Debug|Any CPU
		{C2650775-C818-4AC9-B631-8F4A20DACF06}.Release|Any CPU.ActiveCfg = Release|Any CPU
		{C2650775-C818-4AC9-B631-8F4A20DACF06}.Release|Any CPU.Build.0 = Release|Any CPU
	EndGlobalSection
	GlobalSection(SolutionProperties) = preSolution
		HideSolutionNode = FALSE
	EndGlobalSection
EndGlobal
