
Microsoft Visual Studio Solution File, Format Version 12.00
# Visual Studio 14
VisualStudioVersion = 14.0.24720.0
MinimumVisualStudioVersion = 10.0.40219.1
Project("{FAE04EC0-301F-11D3-BF4B-00C04F79EFBC}") = "IndexPruner", "IndexPruner\IndexPruner.csproj", "{0CC4C176-9355-49B6-A7EF-DD52F6188F10}"
EndProject
Project("{FAE04EC0-301F-11D3-BF4B-00C04F79EFBC}") = "IndexPruner.Tests", "IndexPruner.Tests\IndexPruner.Tests.csproj", "{AB5EB16C-88B2-4000-8A08-44701FAD42A2}"
EndProject
Global
	GlobalSection(SolutionConfigurationPlatforms) = preSolution
		Debug|Any CPU = Debug|Any CPU
		Release|Any CPU = Release|Any CPU
	EndGlobalSection
	GlobalSection(ProjectConfigurationPlatforms) = postSolution
		{0CC4C176-9355-49B6-A7EF-DD52F6188F10}.Debug|Any CPU.ActiveCfg = Debug|Any CPU
		{0CC4C176-9355-49B6-A7EF-DD52F6188F10}.Debug|Any CPU.Build.0 = Debug|Any CPU
		{0CC4C176-9355-49B6-A7EF-DD52F6188F10}.Release|Any CPU.ActiveCfg = Release|Any CPU
		{0CC4C176-9355-49B6-A7EF-DD52F6188F10}.Release|Any CPU.Build.0 = Release|Any CPU
		{AB5EB16C-88B2-4000-8A08-44701FAD42A2}.Debug|Any CPU.ActiveCfg = Debug|Any CPU
		{AB5EB16C-88B2-4000-8A08-44701FAD42A2}.Debug|Any CPU.Build.0 = Debug|Any CPU
		{AB5EB16C-88B2-4000-8A08-44701FAD42A2}.Release|Any CPU.ActiveCfg = Release|Any CPU
		{AB5EB16C-88B2-4000-8A08-44701FAD42A2}.Release|Any CPU.Build.0 = Release|Any CPU
	EndGlobalSection
	GlobalSection(SolutionProperties) = preSolution
		HideSolutionNode = FALSE
	EndGlobalSection
EndGlobal
